
Microsoft Visual Studio Solution File, Format Version 12.00
# Visual Studio 15
VisualStudioVersion = 15.0.26430.16
MinimumVisualStudioVersion = 10.0.40219.1
Project("{FAE04EC0-301F-11D3-BF4B-00C04F79EFBC}") = "Codehaus.Pluralsight.EventHubs", "Codehaus.Pluralsight.EventHubs\Codehaus.Pluralsight.EventHubs.csproj", "{18FB3C0F-92DE-408A-90A5-9C12AF8B014C}"
EndProject
Project("{FAE04EC0-301F-11D3-BF4B-00C04F79EFBC}") = "Codehaus.Pluralsight.EventHubs.ConsoleApp", "Codehaus.Pluralsight.EventHubs.ConsoleApp\Codehaus.Pluralsight.EventHubs.ConsoleApp.csproj", "{AF4FAEB7-DF61-42A3-9E4E-74F20AE1B9BB}"
EndProject
Global
	GlobalSection(SolutionConfigurationPlatforms) = preSolution
		Debug|Any CPU = Debug|Any CPU
		Release|Any CPU = Release|Any CPU
	EndGlobalSection
	GlobalSection(ProjectConfigurationPlatforms) = postSolution
		{18FB3C0F-92DE-408A-90A5-9C12AF8B014C}.Debug|Any CPU.ActiveCfg = Debug|Any CPU
		{18FB3C0F-92DE-408A-90A5-9C12AF8B014C}.Debug|Any CPU.Build.0 = Debug|Any CPU
		{18FB3C0F-92DE-408A-90A5-9C12AF8B014C}.Release|Any CPU.ActiveCfg = Release|Any CPU
		{18FB3C0F-92DE-408A-90A5-9C12AF8B014C}.Release|Any CPU.Build.0 = Release|Any CPU
		{AF4FAEB7-DF61-42A3-9E4E-74F20AE1B9BB}.Debug|Any CPU.ActiveCfg = Debug|Any CPU
		{AF4FAEB7-DF61-42A3-9E4E-74F20AE1B9BB}.Debug|Any CPU.Build.0 = Debug|Any CPU
		{AF4FAEB7-DF61-42A3-9E4E-74F20AE1B9BB}.Release|Any CPU.ActiveCfg = Release|Any CPU
		{AF4FAEB7-DF61-42A3-9E4E-74F20AE1B9BB}.Release|Any CPU.Build.0 = Release|Any CPU
	EndGlobalSection
	GlobalSection(SolutionProperties) = preSolution
		HideSolutionNode = FALSE
	EndGlobalSection
EndGlobal
